{
    "_readme": [
        "This file locks the dependencies of your project to a known state",
        "Read more about it at https://getcomposer.org/doc/01-basic-usage.md#installing-dependencies",
        "This file is @generated automatically"
    ],
    "content-hash": "4ad7c014df793fb15d9b01b71d7a7acf",
    "packages": [
        {
            "name": "abuyoyo/adminmenupage",
            "version": "0.28",
            "source": {
                "type": "git",
                "url": "https://github.com/abuyoyo/AdminMenuPage.git",
                "reference": "c16d80ebbe1cc112acd3e5eca2f97e7abd017d29"
            },
            "dist": {
                "type": "zip",
                "url": "https://api.github.com/repos/abuyoyo/AdminMenuPage/zipball/c16d80ebbe1cc112acd3e5eca2f97e7abd017d29",
                "reference": "c16d80ebbe1cc112acd3e5eca2f97e7abd017d29",
                "shasum": ""
            },
            "suggest": {
                "abuyoyo/plugincore": "~0.26",
                "cmb2/cmb2": "~2.9"
            },
            "type": "library",
            "autoload": {
                "files": [
                    "wph_admin_page.php"
                ],
                "psr-4": {
                    "WPHelper\\": "src/"
                }
            },
            "notification-url": "https://packagist.org/downloads/",
            "license": [
                "BSD-3-Clause"
            ],
            "description": "WordPress admin menu page helper class",
            "support": {
                "issues": "https://github.com/abuyoyo/AdminMenuPage/issues",
                "source": "https://github.com/abuyoyo/AdminMenuPage/tree/0.28"
            },
            "time": "2023-10-04T00:00:00+00:00"
        },
        {
            "name": "abuyoyo/plugincore",
            "version": "0.27",
            "source": {
                "type": "git",
                "url": "https://github.com/abuyoyo/PluginCore.git",
                "reference": "d730a674cbe2dc92e60ace8e25a2e0e3fdeee3e6"
            },
            "dist": {
                "type": "zip",
                "url": "https://api.github.com/repos/abuyoyo/PluginCore/zipball/d730a674cbe2dc92e60ace8e25a2e0e3fdeee3e6",
                "reference": "d730a674cbe2dc92e60ace8e25a2e0e3fdeee3e6",
                "shasum": ""
            },
            "suggest": {
                "abuyoyo/adminmenupage": "~0.27",
                "yahnis-elsts/plugin-update-checker": "~5.2"
            },
            "type": "library",
            "autoload": {
                "psr-4": {
                    "WPHelper\\": ""
                }
            },
            "notification-url": "https://packagist.org/downloads/",
            "license": [
                "BSD-3-Clause"
            ],
            "description": "WordPress plugin core helper class",
            "support": {
                "issues": "https://github.com/abuyoyo/PluginCore/issues",
                "source": "https://github.com/abuyoyo/PluginCore/tree/0.27"
            },
            "time": "2022-10-03T00:00:00+00:00"
        },
        {
            "name": "abuyoyo/screen-meta-links",
            "version": "0.13",
            "source": {
                "type": "git",
                "url": "https://github.com/abuyoyo/screen-meta-links.git",
                "reference": "b324cef9eb5825d04ffa17f771237b7deca5cd01"
            },
            "dist": {
                "type": "zip",
                "url": "https://api.github.com/repos/abuyoyo/screen-meta-links/zipball/b324cef9eb5825d04ffa17f771237b7deca5cd01",
                "reference": "b324cef9eb5825d04ffa17f771237b7deca5cd01",
                "shasum": ""
            },
            "type": "library",
            "autoload": {
                "files": [
                    "screen-meta-links.php"
                ]
            },
            "description": "API for adding custom screen-meta-links alongside the 'Screen Options' and 'Help' links.",
            "support": {
                "source": "https://github.com/abuyoyo/screen-meta-links/tree/0.13",
                "issues": "https://github.com/abuyoyo/screen-meta-links/issues"
            },
            "time": "2023-08-08T22:37:03+00:00"
        }
    ],
    "packages-dev": [],
    "aliases": [],
    "minimum-stability": "stable",
    "stability-flags": [],
    "prefer-stable": false,
    "prefer-lowest": false,
    "platform": [],
    "platform-dev": [],
    "plugin-api-version": "2.3.0"
}
